
Microsoft Visual Studio Solution File, Format Version 12.00
# Visual Studio Version 17
VisualStudioVersion = 17.6.33723.286
MinimumVisualStudioVersion = 10.0.40219.1
Project("{FAE04EC0-301F-11D3-BF4B-00C04F79EFBC}") = "Сash_register", "Сash_register.csproj", "{186DD242-C635-4552-9515-EBB57E79EDC0}"
EndProject
Global
	GlobalSection(SolutionConfigurationPlatforms) = preSolution
		Debug|Any CPU = Debug|Any CPU
		Release|Any CPU = Release|Any CPU
	EndGlobalSection
	GlobalSection(ProjectConfigurationPlatforms) = postSolution
		{186DD242-C635-4552-9515-EBB57E79EDC0}.Debug|Any CPU.ActiveCfg = Debug|Any CPU
		{186DD242-C635-4552-9515-EBB57E79EDC0}.Debug|Any CPU.Build.0 = Debug|Any CPU
		{186DD242-C635-4552-9515-EBB57E79EDC0}.Release|Any CPU.ActiveCfg = Release|Any CPU
		{186DD242-C635-4552-9515-EBB57E79EDC0}.Release|Any CPU.Build.0 = Release|Any CPU
	EndGlobalSection
	GlobalSection(SolutionProperties) = preSolution
		HideSolutionNode = FALSE
	EndGlobalSection
	GlobalSection(ExtensibilityGlobals) = postSolution
		SolutionGuid = {6D037D5D-974C-407A-A92C-199931B83AAA}
	EndGlobalSection
EndGlobal
